
Microsoft Visual Studio Solution File, Format Version 12.00
# Visual Studio Version 16
VisualStudioVersion = 16.0.30114.105
MinimumVisualStudioVersion = 10.0.40219.1
Project("{FAE04EC0-301F-11D3-BF4B-00C04F79EFBC}") = "Webhook.Api", "WebHook.Api\Webhook.Api.csproj", "{BFD1AD12-E635-4CCF-83A2-B09766D56BB9}"
EndProject
Project("{FAE04EC0-301F-11D3-BF4B-00C04F79EFBC}") = "WebHook.Class", "WebHook.Class\WebHook.Class.csproj", "{15DE26FC-D529-4F40-BD99-B3D94D69767A}"
EndProject
Project("{FAE04EC0-301F-11D3-BF4B-00C04F79EFBC}") = "WebHook.Data", "WebHook.Data\WebHook.Data.csproj", "{D6C24D1F-870F-46FC-8322-D6E9C7C9A30B}"
EndProject
Project("{FAE04EC0-301F-11D3-BF4B-00C04F79EFBC}") = "WebHook.Logic", "WebHook.Logic\WebHook.Logic.csproj", "{6E664737-2FD7-4CDF-9F07-59FFE826C660}"
EndProject
Global
	GlobalSection(SolutionConfigurationPlatforms) = preSolution
		Debug|Any CPU = Debug|Any CPU
		Release|Any CPU = Release|Any CPU
	EndGlobalSection
	GlobalSection(SolutionProperties) = preSolution
		HideSolutionNode = FALSE
	EndGlobalSection
	GlobalSection(ProjectConfigurationPlatforms) = postSolution
		{BFD1AD12-E635-4CCF-83A2-B09766D56BB9}.Debug|Any CPU.ActiveCfg = Debug|Any CPU
		{BFD1AD12-E635-4CCF-83A2-B09766D56BB9}.Debug|Any CPU.Build.0 = Debug|Any CPU
		{BFD1AD12-E635-4CCF-83A2-B09766D56BB9}.Release|Any CPU.ActiveCfg = Release|Any CPU
		{BFD1AD12-E635-4CCF-83A2-B09766D56BB9}.Release|Any CPU.Build.0 = Release|Any CPU
		{15DE26FC-D529-4F40-BD99-B3D94D69767A}.Debug|Any CPU.ActiveCfg = Debug|Any CPU
		{15DE26FC-D529-4F40-BD99-B3D94D69767A}.Debug|Any CPU.Build.0 = Debug|Any CPU
		{15DE26FC-D529-4F40-BD99-B3D94D69767A}.Release|Any CPU.ActiveCfg = Release|Any CPU
		{15DE26FC-D529-4F40-BD99-B3D94D69767A}.Release|Any CPU.Build.0 = Release|Any CPU
		{D6C24D1F-870F-46FC-8322-D6E9C7C9A30B}.Debug|Any CPU.ActiveCfg = Debug|Any CPU
		{D6C24D1F-870F-46FC-8322-D6E9C7C9A30B}.Debug|Any CPU.Build.0 = Debug|Any CPU
		{D6C24D1F-870F-46FC-8322-D6E9C7C9A30B}.Release|Any CPU.ActiveCfg = Release|Any CPU
		{D6C24D1F-870F-46FC-8322-D6E9C7C9A30B}.Release|Any CPU.Build.0 = Release|Any CPU
		{6E664737-2FD7-4CDF-9F07-59FFE826C660}.Debug|Any CPU.ActiveCfg = Debug|Any CPU
		{6E664737-2FD7-4CDF-9F07-59FFE826C660}.Debug|Any CPU.Build.0 = Debug|Any CPU
		{6E664737-2FD7-4CDF-9F07-59FFE826C660}.Release|Any CPU.ActiveCfg = Release|Any CPU
		{6E664737-2FD7-4CDF-9F07-59FFE826C660}.Release|Any CPU.Build.0 = Release|Any CPU
	EndGlobalSection
EndGlobal
